{
  "name": "extractfile-zip",
  "version": "1.0.0",
  "lockfileVersion": 3,
  "requires": true,
  "packages": {
    "": {
      "name": "extractfile-zip",
      "version": "1.0.0",
      "license": "ISC",
      "dependencies": {
        "undici": "^7.19.2"
      }
    },
    "node_modules/undici": {
      "version": "7.19.2",
      "resolved": "https://registry.npmjs.org/undici/-/undici-7.19.2.tgz",
      "integrity": "sha512-4VQSpGEGsWzk0VYxyB/wVX/Q7qf9t5znLRgs0dzszr9w9Fej/8RVNQ+S20vdXSAyra/bJ7ZQfGv6ZMj7UEbzSg==",
      "license": "MIT",
      "engines": {
        "node": ">=20.18.1"
      }
    }
  }
}
